
Microsoft Visual Studio Solution File, Format Version 12.00
# Visual Studio Version 16
VisualStudioVersion = 16.0.29613.14
MinimumVisualStudioVersion = 10.0.40219.1
Project("{FAE04EC0-301F-11D3-BF4B-00C04F79EFBC}") = "ConsoleApp1Cars", "ConsoleApp1Cars.csproj", "{B7349E3B-FB0D-4FF3-9A25-E9C2DE685EB9}"
EndProject
Global
	GlobalSection(SolutionConfigurationPlatforms) = preSolution
		Debug|Any CPU = Debug|Any CPU
		Release|Any CPU = Release|Any CPU
	EndGlobalSection
	GlobalSection(ProjectConfigurationPlatforms) = postSolution
		{B7349E3B-FB0D-4FF3-9A25-E9C2DE685EB9}.Debug|Any CPU.ActiveCfg = Debug|Any CPU
		{B7349E3B-FB0D-4FF3-9A25-E9C2DE685EB9}.Debug|Any CPU.Build.0 = Debug|Any CPU
		{B7349E3B-FB0D-4FF3-9A25-E9C2DE685EB9}.Release|Any CPU.ActiveCfg = Release|Any CPU
		{B7349E3B-FB0D-4FF3-9A25-E9C2DE685EB9}.Release|Any CPU.Build.0 = Release|Any CPU
	EndGlobalSection
	GlobalSection(SolutionProperties) = preSolution
		HideSolutionNode = FALSE
	EndGlobalSection
	GlobalSection(ExtensibilityGlobals) = postSolution
		SolutionGuid = {D6C8C895-3AFF-47FD-9CE4-355B894A2A54}
	EndGlobalSection
EndGlobal
